{"version":4,"terraform_version":"1.11.5","serial":4,"lineage":"cc08c734-7fe5-5406-61f9-c546cf7586ab","outputs":{"redshift_database_name":{"value":"medicare_db","type":"string"},"s3_raw_bucket_arn":{"value":"arn:aws:s3:::medicare-analytics-raw-rdaniels","type":"string"},"s3_raw_bucket_name":{"value":"medicare-analytics-raw-rdaniels","type":"string"}},"resources":[{"mode":"data","type":"aws_ami","name":"amazon_linux_2023","provider":"provider[\"registry.opentofu.org/hashicorp/aws\"]","instances":[{"schema_version":0,"attributes":{"allow_unsafe_filter":null,"architecture":"x86_64","arn":"arn:aws:ec2:us-east-1::image/ami-0ee72650e64503637","block_device_mappings":[{"device_name":"/dev/xvda","ebs":{"delete_on_termination":"true","encrypted":"false","iops":"3000","snapshot_id":"snap-00d127d9cd9ef097b","throughput":"125","volume_initialization_rate":"0","volume_size":"2","volume_type":"gp3"},"no_device":"","virtual_name":""}],"boot_mode":"uefi-preferred","creation_date":"2026-03-03T18:11:54.000Z","deprecation_time":"2026-06-01T23:47:00.000Z","description":"Amazon Linux 2023 AMI 2023.10.20260302.1 x86_64 Minimal HVM kernel-6.18","ena_support":true,"executable_users":null,"filter":[{"name":"name","values":["al2023-ami-*-x86_64"]},{"name":"virtualization-type","values":["hvm"]}],"hypervisor":"xen","id":"ami-0ee72650e64503637","image_id":"ami-0ee72650e64503637","image_location":"amazon/al2023-ami-minimal-2023.10.20260302.1-kernel-6.18-x86_64","image_owner_alias":"amazon","image_type":"machine","imds_support":"v2.0","include_deprecated":false,"kernel_id":"","last_launched_time":"","most_recent":true,"name":"al2023-ami-minimal-2023.10.20260302.1-kernel-6.18-x86_64","name_regex":null,"owner_id":"137112412989","owners":["amazon"],"platform":"","platform_details":"Linux/UNIX","product_codes":[],"public":true,"ramdisk_id":"","region":"us-east-1","root_device_name":"/dev/xvda","root_device_type":"ebs","root_snapshot_id":"snap-00d127d9cd9ef097b","sriov_net_support":"simple","state":"available","state_reason":{"code":"UNSET","message":"UNSET"},"tags":{},"timeouts":null,"tpm_support":"","uefi_data":null,"usage_operation":"RunInstances","virtualization_type":"hvm"},"sensitive_attributes":[]}]},{"mode":"managed","type":"aws_iam_instance_profile","name":"ec2_airflow_profile","provider":"provider[\"registry.opentofu.org/hashicorp/aws\"]","instances":[{"schema_version":0,"attributes":{"arn":"arn:aws:iam::652063276854:instance-profile/medicare-analytics-ec2-airflow-profile","create_date":"2026-03-06T18:06:30Z","id":"medicare-analytics-ec2-airflow-profile","name":"medicare-analytics-ec2-airflow-profile","name_prefix":"","path":"/","role":"medicare-analytics-ec2-airflow-role","tags":{},"tags_all":{"Environment":"dev","ManagedBy":"opentofu","Project":"medicare-analytics"},"unique_id":"AIPAZPUP7743AP7XM5ILO"},"sensitive_attributes":[],"private":"bnVsbA==","dependencies":["aws_iam_role.ec2_airflow_role"]}]},{"mode":"managed","type":"aws_iam_role","name":"ec2_airflow_role","provider":"provider[\"registry.opentofu.org/hashicorp/aws\"]","instances":[{"schema_version":0,"attributes":{"arn":"arn:aws:iam::652063276854:role/medicare-analytics-ec2-airflow-role","assume_role_policy":"{\"Statement\":[{\"Action\":\"sts:AssumeRole\",\"Effect\":\"Allow\",\"Principal\":{\"Service\":\"ec2.amazonaws.com\"}}],\"Version\":\"2012-10-17\"}","create_date":"2026-03-06T18:06:30Z","description":"","force_detach_policies":false,"id":"medicare-analytics-ec2-airflow-role","inline_policy":[{"name":"medicare-analytics-ec2-redshift-policy","policy":"{\"Version\":\"2012-10-17\",\"Statement\":[{\"Action\":[\"redshift-serverless:GetWorkgroup\",\"redshift-serverless:GetNamespace\",\"redshift-data:ExecuteStatement\",\"redshift-data:GetStatementResult\",\"redshift-data:DescribeStatement\"],\"Effect\":\"Allow\",\"Resource\":\"*\"}]}"},{"name":"medicare-analytics-ec2-s3-policy","policy":"{\"Version\":\"2012-10-17\",\"Statement\":[{\"Action\":[\"s3:GetObject\",\"s3:PutObject\",\"s3:DeleteObject\",\"s3:ListBucket\"],\"Effect\":\"Allow\",\"Resource\":[\"arn:aws:s3:::medicare-analytics-raw-rdaniels\",\"arn:aws:s3:::medicare-analytics-raw-rdaniels/*\"]}]}"}],"managed_policy_arns":[],"max_session_duration":3600,"name":"medicare-analytics-ec2-airflow-role","name_prefix":"","path":"/","permissions_boundary":"","tags":{},"tags_all":{"Environment":"dev","ManagedBy":"opentofu","Project":"medicare-analytics"},"unique_id":"AROAZPUP7743C7LHOGU3C"},"sensitive_attributes":[],"private":"bnVsbA=="}]},{"mode":"managed","type":"aws_iam_role","name":"redshift_s3_role","provider":"provider[\"registry.opentofu.org/hashicorp/aws\"]","instances":[{"schema_version":0,"attributes":{"arn":"arn:aws:iam::652063276854:role/medicare-analytics-redshift-s3-role","assume_role_policy":"{\"Statement\":[{\"Action\":\"sts:AssumeRole\",\"Effect\":\"Allow\",\"Principal\":{\"Service\":\"redshift.amazonaws.com\"}}],\"Version\":\"2012-10-17\"}","create_date":"2026-03-06T18:06:30Z","description":"","force_detach_policies":false,"id":"medicare-analytics-redshift-s3-role","inline_policy":[{"name":"medicare-analytics-redshift-s3-policy","policy":"{\"Version\":\"2012-10-17\",\"Statement\":[{\"Action\":[\"s3:GetObject\",\"s3:ListBucket\"],\"Effect\":\"Allow\",\"Resource\":[\"arn:aws:s3:::medicare-analytics-raw-rdaniels\",\"arn:aws:s3:::medicare-analytics-raw-rdaniels/*\"]}]}"}],"managed_policy_arns":[],"max_session_duration":3600,"name":"medicare-analytics-redshift-s3-role","name_prefix":"","path":"/","permissions_boundary":"","tags":{},"tags_all":{"Environment":"dev","ManagedBy":"opentofu","Project":"medicare-analytics"},"unique_id":"AROAZPUP7743LPG5Y4CLU"},"sensitive_attributes":[],"private":"bnVsbA=="}]},{"mode":"managed","type":"aws_iam_role_policy","name":"ec2_redshift_policy","provider":"provider[\"registry.opentofu.org/hashicorp/aws\"]","instances":[{"schema_version":0,"attributes":{"id":"medicare-analytics-ec2-airflow-role:medicare-analytics-ec2-redshift-policy","name":"medicare-analytics-ec2-redshift-policy","name_prefix":"","policy":"{\"Version\":\"2012-10-17\",\"Statement\":[{\"Action\":[\"redshift-serverless:GetWorkgroup\",\"redshift-serverless:GetNamespace\",\"redshift-data:ExecuteStatement\",\"redshift-data:GetStatementResult\",\"redshift-data:DescribeStatement\"],\"Effect\":\"Allow\",\"Resource\":\"*\"}]}","role":"medicare-analytics-ec2-airflow-role"},"sensitive_attributes":[],"private":"bnVsbA==","dependencies":["aws_iam_role.ec2_airflow_role"]}]},{"mode":"managed","type":"aws_iam_role_policy","name":"ec2_s3_policy","provider":"provider[\"registry.opentofu.org/hashicorp/aws\"]","instances":[{"schema_version":0,"attributes":{"id":"medicare-analytics-ec2-airflow-role:medicare-analytics-ec2-s3-policy","name":"medicare-analytics-ec2-s3-policy","name_prefix":"","policy":"{\"Version\":\"2012-10-17\",\"Statement\":[{\"Action\":[\"s3:GetObject\",\"s3:PutObject\",\"s3:DeleteObject\",\"s3:ListBucket\"],\"Effect\":\"Allow\",\"Resource\":[\"arn:aws:s3:::medicare-analytics-raw-rdaniels\",\"arn:aws:s3:::medicare-analytics-raw-rdaniels/*\"]}]}","role":"medicare-analytics-ec2-airflow-role"},"sensitive_attributes":[],"private":"bnVsbA==","dependencies":["aws_iam_role.ec2_airflow_role","aws_s3_bucket.raw"]}]},{"mode":"managed","type":"aws_iam_role_policy","name":"redshift_s3_policy","provider":"provider[\"registry.opentofu.org/hashicorp/aws\"]","instances":[{"schema_version":0,"attributes":{"id":"medicare-analytics-redshift-s3-role:medicare-analytics-redshift-s3-policy","name":"medicare-analytics-redshift-s3-policy","name_prefix":"","policy":"{\"Version\":\"2012-10-17\",\"Statement\":[{\"Action\":[\"s3:GetObject\",\"s3:ListBucket\"],\"Effect\":\"Allow\",\"Resource\":[\"arn:aws:s3:::medicare-analytics-raw-rdaniels\",\"arn:aws:s3:::medicare-analytics-raw-rdaniels/*\"]}]}","role":"medicare-analytics-redshift-s3-role"},"sensitive_attributes":[],"private":"bnVsbA==","dependencies":["aws_iam_role.redshift_s3_role","aws_s3_bucket.raw"]}]},{"mode":"managed","type":"aws_internet_gateway","name":"main","provider":"provider[\"registry.opentofu.org/hashicorp/aws\"]","instances":[{"schema_version":0,"attributes":{"arn":"arn:aws:ec2:us-east-1:652063276854:internet-gateway/igw-0380a029936037594","id":"igw-0380a029936037594","owner_id":"652063276854","region":"us-east-1","tags":{"Name":"medicare-analytics-igw"},"tags_all":{"Environment":"dev","ManagedBy":"opentofu","Name":"medicare-analytics-igw","Project":"medicare-analytics"},"timeouts":null,"vpc_id":"vpc-063dd09b801769511"},"sensitive_attributes":[],"private":"eyJlMmJmYjczMC1lY2FhLTExZTYtOGY4OC0zNDM2M2JjN2M0YzAiOnsiY3JlYXRlIjoxMjAwMDAwMDAwMDAwLCJkZWxldGUiOjEyMDAwMDAwMDAwMDAsInVwZGF0ZSI6MTIwMDAwMDAwMDAwMH19","dependencies":["aws_vpc.main"]}]},{"mode":"managed","type":"aws_route_table","name":"public","provider":"provider[\"registry.opentofu.org/hashicorp/aws\"]","instances":[{"schema_version":0,"attributes":{"arn":"arn:aws:ec2:us-east-1:652063276854:route-table/rtb-0c4f951dbcf35409b","id":"rtb-0c4f951dbcf35409b","owner_id":"652063276854","propagating_vgws":[],"region":"us-east-1","route":[{"carrier_gateway_id":"","cidr_block":"0.0.0.0/0","core_network_arn":"","destination_prefix_list_id":"","egress_only_gateway_id":"","gateway_id":"igw-0380a029936037594","ipv6_cidr_block":"","local_gateway_id":"","nat_gateway_id":"","network_interface_id":"","transit_gateway_id":"","vpc_endpoint_id":"","vpc_peering_connection_id":""}],"tags":{"Name":"medicare-analytics-public-rt"},"tags_all":{"Environment":"dev","ManagedBy":"opentofu","Name":"medicare-analytics-public-rt","Project":"medicare-analytics"},"timeouts":null,"vpc_id":"vpc-063dd09b801769511"},"sensitive_attributes":[],"private":"eyJlMmJmYjczMC1lY2FhLTExZTYtOGY4OC0zNDM2M2JjN2M0YzAiOnsiY3JlYXRlIjozMDAwMDAwMDAwMDAsImRlbGV0ZSI6MzAwMDAwMDAwMDAwLCJ1cGRhdGUiOjEyMDAwMDAwMDAwMH19","dependencies":["aws_internet_gateway.main","aws_vpc.main"]}]},{"mode":"managed","type":"aws_route_table_association","name":"public_a","provider":"provider[\"registry.opentofu.org/hashicorp/aws\"]","instances":[{"schema_version":0,"attributes":{"gateway_id":"","id":"rtbassoc-0c67336eb2232dbd5","region":"us-east-1","route_table_id":"rtb-0c4f951dbcf35409b","subnet_id":"subnet-0ecf7c6c4dad3b3f0","timeouts":null},"sensitive_attributes":[],"private":"eyJlMmJmYjczMC1lY2FhLTExZTYtOGY4OC0zNDM2M2JjN2M0YzAiOnsiY3JlYXRlIjozMDAwMDAwMDAwMDAsImRlbGV0ZSI6MzAwMDAwMDAwMDAwLCJ1cGRhdGUiOjEyMDAwMDAwMDAwMH19","dependencies":["aws_internet_gateway.main","aws_route_table.public","aws_subnet.public_a","aws_vpc.main"]}]},{"mode":"managed","type":"aws_route_table_association","name":"public_b","provider":"provider[\"registry.opentofu.org/hashicorp/aws\"]","instances":[{"schema_version":0,"attributes":{"gateway_id":"","id":"rtbassoc-03988df1eeb5695c7","region":"us-east-1","route_table_id":"rtb-0c4f951dbcf35409b","subnet_id":"subnet-0bc76b6588b52a424","timeouts":null},"sensitive_attributes":[],"private":"eyJlMmJmYjczMC1lY2FhLTExZTYtOGY4OC0zNDM2M2JjN2M0YzAiOnsiY3JlYXRlIjozMDAwMDAwMDAwMDAsImRlbGV0ZSI6MzAwMDAwMDAwMDAwLCJ1cGRhdGUiOjEyMDAwMDAwMDAwMH19","dependencies":["aws_internet_gateway.main","aws_route_table.public","aws_subnet.public_b","aws_vpc.main"]}]},{"mode":"managed","type":"aws_route_table_association","name":"public_c","provider":"provider[\"registry.opentofu.org/hashicorp/aws\"]","instances":[{"schema_version":0,"attributes":{"gateway_id":"","id":"rtbassoc-0a5abfb1d5188ebd6","region":"us-east-1","route_table_id":"rtb-0c4f951dbcf35409b","subnet_id":"subnet-049364a8893154712","timeouts":null},"sensitive_attributes":[],"private":"eyJlMmJmYjczMC1lY2FhLTExZTYtOGY4OC0zNDM2M2JjN2M0YzAiOnsiY3JlYXRlIjozMDAwMDAwMDAwMDAsImRlbGV0ZSI6MzAwMDAwMDAwMDAwLCJ1cGRhdGUiOjEyMDAwMDAwMDAwMH19","dependencies":["aws_internet_gateway.main","aws_route_table.public","aws_subnet.public_c","aws_vpc.main"]}]},{"mode":"managed","type":"aws_s3_bucket","name":"raw","provider":"provider[\"registry.opentofu.org/hashicorp/aws\"]","instances":[{"schema_version":0,"attributes":{"acceleration_status":"","acl":null,"arn":"arn:aws:s3:::medicare-analytics-raw-rdaniels","bucket":"medicare-analytics-raw-rdaniels","bucket_domain_name":"medicare-analytics-raw-rdaniels.s3.amazonaws.com","bucket_prefix":"","bucket_region":"us-east-1","bucket_regional_domain_name":"medicare-analytics-raw-rdaniels.s3.us-east-1.amazonaws.com","cors_rule":[],"force_destroy":false,"grant":[{"id":"5e517231ee3abfdbb08097329a9eb48886dd8a13724f899bbecf8d5c6852d2b4","permissions":["FULL_CONTROL"],"type":"CanonicalUser","uri":""}],"hosted_zone_id":"Z3AQBSTGFYJSTF","id":"medicare-analytics-raw-rdaniels","lifecycle_rule":[{"abort_incomplete_multipart_upload_days":0,"enabled":true,"expiration":[],"id":"archive-old-versions","noncurrent_version_expiration":[{"days":90}],"noncurrent_version_transition":[{"days":30,"storage_class":"STANDARD_IA"}],"prefix":"","tags":{},"transition":[]}],"logging":[],"object_lock_configuration":[],"object_lock_enabled":false,"policy":"","region":"us-east-1","replication_configuration":[],"request_payer":"BucketOwner","server_side_encryption_configuration":[{"rule":[{"apply_server_side_encryption_by_default":[{"kms_master_key_id":"","sse_algorithm":"AES256"}],"bucket_key_enabled":false}]}],"tags":{"Layer":"raw","Name":"medicare-analytics-raw-rdaniels"},"tags_all":{"Environment":"dev","Layer":"raw","ManagedBy":"opentofu","Name":"medicare-analytics-raw-rdaniels","Project":"medicare-analytics"},"timeouts":null,"versioning":[{"enabled":true,"mfa_delete":false}],"website":[],"website_domain":null,"website_endpoint":null},"sensitive_attributes":[],"private":"eyJlMmJmYjczMC1lY2FhLTExZTYtOGY4OC0zNDM2M2JjN2M0YzAiOnsiY3JlYXRlIjoxMjAwMDAwMDAwMDAwLCJkZWxldGUiOjM2MDAwMDAwMDAwMDAsInJlYWQiOjEyMDAwMDAwMDAwMDAsInVwZGF0ZSI6MTIwMDAwMDAwMDAwMH19"}]},{"mode":"managed","type":"aws_s3_bucket_lifecycle_configuration","name":"raw","provider":"provider[\"registry.opentofu.org/hashicorp/aws\"]","instances":[{"schema_version":1,"attributes":{"bucket":"medicare-analytics-raw-rdaniels","expected_bucket_owner":"","id":"medicare-analytics-raw-rdaniels","region":"us-east-1","rule":[{"abort_incomplete_multipart_upload":[],"expiration":[],"filter":[{"and":[],"object_size_greater_than":null,"object_size_less_than":null,"prefix":"","tag":[]}],"id":"archive-old-versions","noncurrent_version_expiration":[{"newer_noncurrent_versions":null,"noncurrent_days":90}],"noncurrent_version_transition":[{"newer_noncurrent_versions":null,"noncurrent_days":30,"storage_class":"STANDARD_IA"}],"prefix":"","status":"Enabled","transition":[]}],"timeouts":null,"transition_default_minimum_object_size":"all_storage_classes_128K"},"sensitive_attributes":[],"dependencies":["aws_s3_bucket.raw"]}]},{"mode":"managed","type":"aws_s3_bucket_public_access_block","name":"raw","provider":"provider[\"registry.opentofu.org/hashicorp/aws\"]","instances":[{"schema_version":0,"attributes":{"block_public_acls":true,"block_public_policy":true,"bucket":"medicare-analytics-raw-rdaniels","id":"medicare-analytics-raw-rdaniels","ignore_public_acls":true,"region":"us-east-1","restrict_public_buckets":true,"skip_destroy":null},"sensitive_attributes":[],"private":"bnVsbA==","dependencies":["aws_s3_bucket.raw"]}]},{"mode":"managed","type":"aws_s3_bucket_server_side_encryption_configuration","name":"raw","provider":"provider[\"registry.opentofu.org/hashicorp/aws\"]","instances":[{"schema_version":0,"attributes":{"bucket":"medicare-analytics-raw-rdaniels","expected_bucket_owner":"","id":"medicare-analytics-raw-rdaniels","region":"us-east-1","rule":[{"apply_server_side_encryption_by_default":[{"kms_master_key_id":"","sse_algorithm":"AES256"}],"blocked_encryption_types":[],"bucket_key_enabled":false}]},"sensitive_attributes":[],"private":"bnVsbA==","dependencies":["aws_s3_bucket.raw"]}]},{"mode":"managed","type":"aws_s3_bucket_versioning","name":"raw","provider":"provider[\"registry.opentofu.org/hashicorp/aws\"]","instances":[{"schema_version":0,"attributes":{"bucket":"medicare-analytics-raw-rdaniels","expected_bucket_owner":"","id":"medicare-analytics-raw-rdaniels","mfa":null,"region":"us-east-1","versioning_configuration":[{"mfa_delete":"","status":"Enabled"}]},"sensitive_attributes":[],"private":"bnVsbA==","dependencies":["aws_s3_bucket.raw"]}]},{"mode":"managed","type":"aws_security_group","name":"airflow_ec2","provider":"provider[\"registry.opentofu.org/hashicorp/aws\"]","instances":[{"schema_version":1,"attributes":{"arn":"arn:aws:ec2:us-east-1:652063276854:security-group/sg-06494fd85e4edf1d8","description":"Security group for Airflow EC2 instance","egress":[{"cidr_blocks":["0.0.0.0/0"],"description":"","from_port":0,"ipv6_cidr_blocks":[],"prefix_list_ids":[],"protocol":"-1","security_groups":[],"self":false,"to_port":0}],"id":"sg-06494fd85e4edf1d8","ingress":[{"cidr_blocks":["174.67.51.181/32"],"description":"","from_port":22,"ipv6_cidr_blocks":[],"prefix_list_ids":[],"protocol":"tcp","security_groups":[],"self":false,"to_port":22},{"cidr_blocks":["174.67.51.181/32"],"description":"","from_port":8080,"ipv6_cidr_blocks":[],"prefix_list_ids":[],"protocol":"tcp","security_groups":[],"self":false,"to_port":8080}],"name":"medicare-analytics-airflow-sg","name_prefix":"","owner_id":"652063276854","region":"us-east-1","revoke_rules_on_delete":false,"tags":{"Name":"medicare-analytics-airflow-sg"},"tags_all":{"Environment":"dev","ManagedBy":"opentofu","Name":"medicare-analytics-airflow-sg","Project":"medicare-analytics"},"timeouts":null,"vpc_id":"vpc-063dd09b801769511"},"sensitive_attributes":[],"private":"eyJlMmJmYjczMC1lY2FhLTExZTYtOGY4OC0zNDM2M2JjN2M0YzAiOnsiY3JlYXRlIjo2MDAwMDAwMDAwMDAsImRlbGV0ZSI6OTAwMDAwMDAwMDAwfSwic2NoZW1hX3ZlcnNpb24iOiIxIn0=","dependencies":["aws_vpc.main"]}]},{"mode":"managed","type":"aws_security_group","name":"redshift","provider":"provider[\"registry.opentofu.org/hashicorp/aws\"]","instances":[{"schema_version":1,"attributes":{"arn":"arn:aws:ec2:us-east-1:652063276854:security-group/sg-035f1aa0f3c2697ce","description":"Security group for Redshift Serverless","egress":[{"cidr_blocks":["0.0.0.0/0"],"description":"","from_port":0,"ipv6_cidr_blocks":[],"prefix_list_ids":[],"protocol":"-1","security_groups":[],"self":false,"to_port":0}],"id":"sg-035f1aa0f3c2697ce","ingress":[{"cidr_blocks":["174.67.51.181/32"],"description":"","from_port":5439,"ipv6_cidr_blocks":[],"prefix_list_ids":[],"protocol":"tcp","security_groups":[],"self":false,"to_port":5439},{"cidr_blocks":[],"description":"","from_port":5439,"ipv6_cidr_blocks":[],"prefix_list_ids":[],"protocol":"tcp","security_groups":["sg-06494fd85e4edf1d8"],"self":false,"to_port":5439}],"name":"medicare-analytics-redshift-sg","name_prefix":"","owner_id":"652063276854","region":"us-east-1","revoke_rules_on_delete":false,"tags":{"Name":"medicare-analytics-redshift-sg"},"tags_all":{"Environment":"dev","ManagedBy":"opentofu","Name":"medicare-analytics-redshift-sg","Project":"medicare-analytics"},"timeouts":null,"vpc_id":"vpc-063dd09b801769511"},"sensitive_attributes":[],"private":"eyJlMmJmYjczMC1lY2FhLTExZTYtOGY4OC0zNDM2M2JjN2M0YzAiOnsiY3JlYXRlIjo2MDAwMDAwMDAwMDAsImRlbGV0ZSI6OTAwMDAwMDAwMDAwfSwic2NoZW1hX3ZlcnNpb24iOiIxIn0=","dependencies":["aws_security_group.airflow_ec2","aws_vpc.main"]}]},{"mode":"managed","type":"aws_subnet","name":"public_a","provider":"provider[\"registry.opentofu.org/hashicorp/aws\"]","instances":[{"schema_version":1,"attributes":{"arn":"arn:aws:ec2:us-east-1:652063276854:subnet/subnet-0ecf7c6c4dad3b3f0","assign_ipv6_address_on_creation":false,"availability_zone":"us-east-1a","availability_zone_id":"use1-az1","cidr_block":"10.0.1.0/24","customer_owned_ipv4_pool":"","enable_dns64":false,"enable_lni_at_device_index":0,"enable_resource_name_dns_a_record_on_launch":false,"enable_resource_name_dns_aaaa_record_on_launch":false,"id":"subnet-0ecf7c6c4dad3b3f0","ipv4_ipam_pool_id":null,"ipv4_netmask_length":null,"ipv6_cidr_block":"","ipv6_cidr_block_association_id":"","ipv6_ipam_pool_id":null,"ipv6_native":false,"ipv6_netmask_length":null,"map_customer_owned_ip_on_launch":false,"map_public_ip_on_launch":true,"outpost_arn":"","owner_id":"652063276854","private_dns_hostname_type_on_launch":"ip-name","region":"us-east-1","tags":{"Name":"medicare-analytics-public-a"},"tags_all":{"Environment":"dev","ManagedBy":"opentofu","Name":"medicare-analytics-public-a","Project":"medicare-analytics"},"timeouts":null,"vpc_id":"vpc-063dd09b801769511"},"sensitive_attributes":[],"private":"eyJlMmJmYjczMC1lY2FhLTExZTYtOGY4OC0zNDM2M2JjN2M0YzAiOnsiY3JlYXRlIjo2MDAwMDAwMDAwMDAsImRlbGV0ZSI6MTIwMDAwMDAwMDAwMH0sInNjaGVtYV92ZXJzaW9uIjoiMSJ9","dependencies":["aws_vpc.main"]}]},{"mode":"managed","type":"aws_subnet","name":"public_b","provider":"provider[\"registry.opentofu.org/hashicorp/aws\"]","instances":[{"schema_version":1,"attributes":{"arn":"arn:aws:ec2:us-east-1:652063276854:subnet/subnet-0bc76b6588b52a424","assign_ipv6_address_on_creation":false,"availability_zone":"us-east-1b","availability_zone_id":"use1-az2","cidr_block":"10.0.2.0/24","customer_owned_ipv4_pool":"","enable_dns64":false,"enable_lni_at_device_index":0,"enable_resource_name_dns_a_record_on_launch":false,"enable_resource_name_dns_aaaa_record_on_launch":false,"id":"subnet-0bc76b6588b52a424","ipv4_ipam_pool_id":null,"ipv4_netmask_length":null,"ipv6_cidr_block":"","ipv6_cidr_block_association_id":"","ipv6_ipam_pool_id":null,"ipv6_native":false,"ipv6_netmask_length":null,"map_customer_owned_ip_on_launch":false,"map_public_ip_on_launch":true,"outpost_arn":"","owner_id":"652063276854","private_dns_hostname_type_on_launch":"ip-name","region":"us-east-1","tags":{"Name":"medicare-analytics-public-b"},"tags_all":{"Environment":"dev","ManagedBy":"opentofu","Name":"medicare-analytics-public-b","Project":"medicare-analytics"},"timeouts":null,"vpc_id":"vpc-063dd09b801769511"},"sensitive_attributes":[],"private":"eyJlMmJmYjczMC1lY2FhLTExZTYtOGY4OC0zNDM2M2JjN2M0YzAiOnsiY3JlYXRlIjo2MDAwMDAwMDAwMDAsImRlbGV0ZSI6MTIwMDAwMDAwMDAwMH0sInNjaGVtYV92ZXJzaW9uIjoiMSJ9","dependencies":["aws_vpc.main"]}]},{"mode":"managed","type":"aws_subnet","name":"public_c","provider":"provider[\"registry.opentofu.org/hashicorp/aws\"]","instances":[{"schema_version":1,"attributes":{"arn":"arn:aws:ec2:us-east-1:652063276854:subnet/subnet-049364a8893154712","assign_ipv6_address_on_creation":false,"availability_zone":"us-east-1c","availability_zone_id":"use1-az4","cidr_block":"10.0.3.0/24","customer_owned_ipv4_pool":"","enable_dns64":false,"enable_lni_at_device_index":0,"enable_resource_name_dns_a_record_on_launch":false,"enable_resource_name_dns_aaaa_record_on_launch":false,"id":"subnet-049364a8893154712","ipv4_ipam_pool_id":null,"ipv4_netmask_length":null,"ipv6_cidr_block":"","ipv6_cidr_block_association_id":"","ipv6_ipam_pool_id":null,"ipv6_native":false,"ipv6_netmask_length":null,"map_customer_owned_ip_on_launch":false,"map_public_ip_on_launch":true,"outpost_arn":"","owner_id":"652063276854","private_dns_hostname_type_on_launch":"ip-name","region":"us-east-1","tags":{"Name":"medicare-analytics-public-c"},"tags_all":{"Environment":"dev","ManagedBy":"opentofu","Name":"medicare-analytics-public-c","Project":"medicare-analytics"},"timeouts":null,"vpc_id":"vpc-063dd09b801769511"},"sensitive_attributes":[],"private":"eyJlMmJmYjczMC1lY2FhLTExZTYtOGY4OC0zNDM2M2JjN2M0YzAiOnsiY3JlYXRlIjo2MDAwMDAwMDAwMDAsImRlbGV0ZSI6MTIwMDAwMDAwMDAwMH0sInNjaGVtYV92ZXJzaW9uIjoiMSJ9","dependencies":["aws_vpc.main"]}]},{"mode":"managed","type":"aws_vpc","name":"main","provider":"provider[\"registry.opentofu.org/hashicorp/aws\"]","instances":[{"schema_version":1,"attributes":{"arn":"arn:aws:ec2:us-east-1:652063276854:vpc/vpc-063dd09b801769511","assign_generated_ipv6_cidr_block":false,"cidr_block":"10.0.0.0/16","default_network_acl_id":"acl-085dde419e4c2b1df","default_route_table_id":"rtb-0de2dd9ade11ef21c","default_security_group_id":"sg-01a1c20079449b9df","dhcp_options_id":"dopt-0a9926bb070237ee7","enable_dns_hostnames":true,"enable_dns_support":true,"enable_network_address_usage_metrics":false,"id":"vpc-063dd09b801769511","instance_tenancy":"default","ipv4_ipam_pool_id":null,"ipv4_netmask_length":null,"ipv6_association_id":"","ipv6_cidr_block":"","ipv6_cidr_block_network_border_group":"","ipv6_ipam_pool_id":"","ipv6_netmask_length":0,"main_route_table_id":"rtb-0de2dd9ade11ef21c","owner_id":"652063276854","region":"us-east-1","tags":{"Name":"medicare-analytics-vpc"},"tags_all":{"Environment":"dev","ManagedBy":"opentofu","Name":"medicare-analytics-vpc","Project":"medicare-analytics"}},"sensitive_attributes":[],"private":"eyJzY2hlbWFfdmVyc2lvbiI6IjEifQ=="}]}],"check_results":null}
