{"version":4,"terraform_version":"1.11.5","serial":9,"lineage":"cc08c734-7fe5-5406-61f9-c546cf7586ab","outputs":{"airflow_ui_url":{"value":"http://34.196.193.117:8080","type":"string"},"ec2_public_ip":{"value":"34.196.193.117","type":"string"},"ec2_ssh_command":{"value":"ssh -i ~/.ssh/medicare-analytics-dev.pem ec2-user@34.196.193.117","type":"string"},"redshift_database_name":{"value":"medicare_db","type":"string"},"redshift_workgroup_endpoint":{"value":[{"address":"medicare-analytics-workgroup.652063276854.us-east-1.redshift-serverless.amazonaws.com","port":5439,"vpc_endpoint":[{"network_interface":[{"availability_zone":"us-east-1b","network_interface_id":"eni-06fdf14be359f4e2c","private_ip_address":"10.0.2.230","subnet_id":"subnet-0bc76b6588b52a424"},{"availability_zone":"us-east-1c","network_interface_id":"eni-0b1bc6f6f279870b0","private_ip_address":"10.0.3.39","subnet_id":"subnet-049364a8893154712"},{"availability_zone":"us-east-1a","network_interface_id":"eni-0bd346a95e153f4fa","private_ip_address":"10.0.1.246","subnet_id":"subnet-0ecf7c6c4dad3b3f0"}],"vpc_endpoint_id":"vpce-05cdabe5d4e4fccf3","vpc_id":"vpc-063dd09b801769511"}]}],"type":["list",["object",{"address":"string","port":"number","vpc_endpoint":["list",["object",{"network_interface":["list",["object",{"availability_zone":"string","network_interface_id":"string","private_ip_address":"string","subnet_id":"string"}]],"vpc_endpoint_id":"string","vpc_id":"string"}]]}]]},"s3_raw_bucket_arn":{"value":"arn:aws:s3:::medicare-analytics-raw-rdaniels","type":"string"},"s3_raw_bucket_name":{"value":"medicare-analytics-raw-rdaniels","type":"string"}},"resources":[{"mode":"data","type":"aws_ami","name":"amazon_linux_2023","provider":"provider[\"registry.opentofu.org/hashicorp/aws\"]","instances":[{"schema_version":0,"attributes":{"allow_unsafe_filter":null,"architecture":"x86_64","arn":"arn:aws:ec2:us-east-1::image/ami-0ee72650e64503637","block_device_mappings":[{"device_name":"/dev/xvda","ebs":{"delete_on_termination":"true","encrypted":"false","iops":"3000","snapshot_id":"snap-00d127d9cd9ef097b","throughput":"125","volume_initialization_rate":"0","volume_size":"2","volume_type":"gp3"},"no_device":"","virtual_name":""}],"boot_mode":"uefi-preferred","creation_date":"2026-03-03T18:11:54.000Z","deprecation_time":"2026-06-01T23:47:00.000Z","description":"Amazon Linux 2023 AMI 2023.10.20260302.1 x86_64 Minimal HVM kernel-6.18","ena_support":true,"executable_users":null,"filter":[{"name":"name","values":["al2023-ami-*-x86_64"]},{"name":"virtualization-type","values":["hvm"]}],"hypervisor":"xen","id":"ami-0ee72650e64503637","image_id":"ami-0ee72650e64503637","image_location":"amazon/al2023-ami-minimal-2023.10.20260302.1-kernel-6.18-x86_64","image_owner_alias":"amazon","image_type":"machine","imds_support":"v2.0","include_deprecated":false,"kernel_id":"","last_launched_time":"","most_recent":true,"name":"al2023-ami-minimal-2023.10.20260302.1-kernel-6.18-x86_64","name_regex":null,"owner_id":"137112412989","owners":["amazon"],"platform":"","platform_details":"Linux/UNIX","product_codes":[],"public":true,"ramdisk_id":"","region":"us-east-1","root_device_name":"/dev/xvda","root_device_type":"ebs","root_snapshot_id":"snap-00d127d9cd9ef097b","sriov_net_support":"simple","state":"available","state_reason":{"code":"UNSET","message":"UNSET"},"tags":{},"timeouts":null,"tpm_support":"","uefi_data":null,"usage_operation":"RunInstances","virtualization_type":"hvm"},"sensitive_attributes":[]}]},{"mode":"managed","type":"aws_eip","name":"airflow","provider":"provider[\"registry.opentofu.org/hashicorp/aws\"]","instances":[{"schema_version":0,"attributes":{"address":null,"allocation_id":"eipalloc-047f169afb06775e7","arn":"arn:aws:ec2:us-east-1:652063276854:elastic-ip/eipalloc-047f169afb06775e7","associate_with_private_ip":null,"association_id":"eipassoc-0f1eca45cd91f5b1e","carrier_ip":"","customer_owned_ip":"","customer_owned_ipv4_pool":"","domain":"vpc","id":"eipalloc-047f169afb06775e7","instance":"i-099914f678130cc07","ipam_pool_id":null,"network_border_group":"us-east-1","network_interface":"eni-0e0dd88e82f8843d5","private_dns":"ip-10-0-1-12.ec2.internal","private_ip":"10.0.1.12","ptr_record":"","public_dns":"ec2-34-196-193-117.compute-1.amazonaws.com","public_ip":"34.196.193.117","public_ipv4_pool":"amazon","region":"us-east-1","tags":{"Name":"medicare-analytics-airflow-eip"},"tags_all":{"Environment":"dev","ManagedBy":"opentofu","Name":"medicare-analytics-airflow-eip","Project":"medicare-analytics"},"timeouts":null},"sensitive_attributes":[],"private":"eyJlMmJmYjczMC1lY2FhLTExZTYtOGY4OC0zNDM2M2JjN2M0YzAiOnsiZGVsZXRlIjoxODAwMDAwMDAwMDAsInJlYWQiOjkwMDAwMDAwMDAwMCwidXBkYXRlIjozMDAwMDAwMDAwMDB9fQ==","dependencies":["aws_iam_instance_profile.ec2_airflow_profile","aws_iam_role.ec2_airflow_role","aws_instance.airflow","aws_security_group.airflow_ec2","aws_subnet.public_a","aws_vpc.main","data.aws_ami.amazon_linux_2023"]}]},{"mode":"managed","type":"aws_iam_instance_profile","name":"ec2_airflow_profile","provider":"provider[\"registry.opentofu.org/hashicorp/aws\"]","instances":[{"schema_version":0,"attributes":{"arn":"arn:aws:iam::652063276854:instance-profile/medicare-analytics-ec2-airflow-profile","create_date":"2026-03-06T18:06:30Z","id":"medicare-analytics-ec2-airflow-profile","name":"medicare-analytics-ec2-airflow-profile","name_prefix":"","path":"/","role":"medicare-analytics-ec2-airflow-role","tags":{},"tags_all":{"Environment":"dev","ManagedBy":"opentofu","Project":"medicare-analytics"},"unique_id":"AIPAZPUP7743AP7XM5ILO"},"sensitive_attributes":[],"private":"bnVsbA==","dependencies":["aws_iam_role.ec2_airflow_role"]}]},{"mode":"managed","type":"aws_iam_role","name":"ec2_airflow_role","provider":"provider[\"registry.opentofu.org/hashicorp/aws\"]","instances":[{"schema_version":0,"attributes":{"arn":"arn:aws:iam::652063276854:role/medicare-analytics-ec2-airflow-role","assume_role_policy":"{\"Statement\":[{\"Action\":\"sts:AssumeRole\",\"Effect\":\"Allow\",\"Principal\":{\"Service\":\"ec2.amazonaws.com\"}}],\"Version\":\"2012-10-17\"}","create_date":"2026-03-06T18:06:30Z","description":"","force_detach_policies":false,"id":"medicare-analytics-ec2-airflow-role","inline_policy":[{"name":"medicare-analytics-ec2-redshift-policy","policy":"{\"Version\":\"2012-10-17\",\"Statement\":[{\"Action\":[\"redshift-serverless:GetWorkgroup\",\"redshift-serverless:GetNamespace\",\"redshift-data:ExecuteStatement\",\"redshift-data:GetStatementResult\",\"redshift-data:DescribeStatement\"],\"Effect\":\"Allow\",\"Resource\":\"*\"}]}"},{"name":"medicare-analytics-ec2-s3-policy","policy":"{\"Version\":\"2012-10-17\",\"Statement\":[{\"Action\":[\"s3:GetObject\",\"s3:PutObject\",\"s3:DeleteObject\",\"s3:ListBucket\"],\"Effect\":\"Allow\",\"Resource\":[\"arn:aws:s3:::medicare-analytics-raw-rdaniels\",\"arn:aws:s3:::medicare-analytics-raw-rdaniels/*\"]}]}"}],"managed_policy_arns":[],"max_session_duration":3600,"name":"medicare-analytics-ec2-airflow-role","name_prefix":"","path":"/","permissions_boundary":"","tags":{},"tags_all":{"Environment":"dev","ManagedBy":"opentofu","Project":"medicare-analytics"},"unique_id":"AROAZPUP7743C7LHOGU3C"},"sensitive_attributes":[],"private":"bnVsbA=="}]},{"mode":"managed","type":"aws_iam_role","name":"redshift_s3_role","provider":"provider[\"registry.opentofu.org/hashicorp/aws\"]","instances":[{"schema_version":0,"attributes":{"arn":"arn:aws:iam::652063276854:role/medicare-analytics-redshift-s3-role","assume_role_policy":"{\"Statement\":[{\"Action\":\"sts:AssumeRole\",\"Effect\":\"Allow\",\"Principal\":{\"Service\":\"redshift.amazonaws.com\"}}],\"Version\":\"2012-10-17\"}","create_date":"2026-03-06T18:06:30Z","description":"","force_detach_policies":false,"id":"medicare-analytics-redshift-s3-role","inline_policy":[{"name":"medicare-analytics-redshift-s3-policy","policy":"{\"Version\":\"2012-10-17\",\"Statement\":[{\"Action\":[\"s3:GetObject\",\"s3:ListBucket\"],\"Effect\":\"Allow\",\"Resource\":[\"arn:aws:s3:::medicare-analytics-raw-rdaniels\",\"arn:aws:s3:::medicare-analytics-raw-rdaniels/*\"]}]}"}],"managed_policy_arns":[],"max_session_duration":3600,"name":"medicare-analytics-redshift-s3-role","name_prefix":"","path":"/","permissions_boundary":"","tags":{},"tags_all":{"Environment":"dev","ManagedBy":"opentofu","Project":"medicare-analytics"},"unique_id":"AROAZPUP7743LPG5Y4CLU"},"sensitive_attributes":[],"private":"bnVsbA=="}]},{"mode":"managed","type":"aws_iam_role_policy","name":"ec2_redshift_policy","provider":"provider[\"registry.opentofu.org/hashicorp/aws\"]","instances":[{"schema_version":0,"attributes":{"id":"medicare-analytics-ec2-airflow-role:medicare-analytics-ec2-redshift-policy","name":"medicare-analytics-ec2-redshift-policy","name_prefix":"","policy":"{\"Version\":\"2012-10-17\",\"Statement\":[{\"Action\":[\"redshift-serverless:GetWorkgroup\",\"redshift-serverless:GetNamespace\",\"redshift-serverless:GetCredentials\",\"redshift-data:ExecuteStatement\",\"redshift-data:GetStatementResult\",\"redshift-data:DescribeStatement\"],\"Effect\":\"Allow\",\"Resource\":\"*\"}]}","role":"medicare-analytics-ec2-airflow-role"},"sensitive_attributes":[],"private":"bnVsbA==","dependencies":["aws_iam_role.ec2_airflow_role"]}]},{"mode":"managed","type":"aws_iam_role_policy","name":"ec2_s3_policy","provider":"provider[\"registry.opentofu.org/hashicorp/aws\"]","instances":[{"schema_version":0,"attributes":{"id":"medicare-analytics-ec2-airflow-role:medicare-analytics-ec2-s3-policy","name":"medicare-analytics-ec2-s3-policy","name_prefix":"","policy":"{\"Version\":\"2012-10-17\",\"Statement\":[{\"Action\":[\"s3:GetObject\",\"s3:PutObject\",\"s3:DeleteObject\",\"s3:ListBucket\"],\"Effect\":\"Allow\",\"Resource\":[\"arn:aws:s3:::medicare-analytics-raw-rdaniels\",\"arn:aws:s3:::medicare-analytics-raw-rdaniels/*\"]}]}","role":"medicare-analytics-ec2-airflow-role"},"sensitive_attributes":[],"private":"bnVsbA==","dependencies":["aws_iam_role.ec2_airflow_role","aws_s3_bucket.raw"]}]},{"mode":"managed","type":"aws_iam_role_policy","name":"redshift_s3_policy","provider":"provider[\"registry.opentofu.org/hashicorp/aws\"]","instances":[{"schema_version":0,"attributes":{"id":"medicare-analytics-redshift-s3-role:medicare-analytics-redshift-s3-policy","name":"medicare-analytics-redshift-s3-policy","name_prefix":"","policy":"{\"Version\":\"2012-10-17\",\"Statement\":[{\"Action\":[\"s3:GetObject\",\"s3:ListBucket\"],\"Effect\":\"Allow\",\"Resource\":[\"arn:aws:s3:::medicare-analytics-raw-rdaniels\",\"arn:aws:s3:::medicare-analytics-raw-rdaniels/*\"]}]}","role":"medicare-analytics-redshift-s3-role"},"sensitive_attributes":[],"private":"bnVsbA==","dependencies":["aws_iam_role.redshift_s3_role","aws_s3_bucket.raw"]}]},{"mode":"managed","type":"aws_instance","name":"airflow","provider":"provider[\"registry.opentofu.org/hashicorp/aws\"]","instances":[{"schema_version":2,"attributes":{"ami":"ami-0ee72650e64503637","arn":"arn:aws:ec2:us-east-1:652063276854:instance/i-099914f678130cc07","associate_public_ip_address":true,"availability_zone":"us-east-1a","capacity_reservation_specification":[{"capacity_reservation_preference":"open","capacity_reservation_target":[]}],"cpu_options":[{"amd_sev_snp":"","core_count":1,"nested_virtualization":"","threads_per_core":2}],"credit_specification":[{"cpu_credits":"standard"}],"disable_api_stop":false,"disable_api_termination":false,"ebs_block_device":[],"ebs_optimized":false,"enable_primary_ipv6":null,"enclave_options":[{"enabled":false}],"ephemeral_block_device":[],"force_destroy":false,"get_password_data":false,"hibernation":false,"host_id":"","host_resource_group_arn":null,"iam_instance_profile":"medicare-analytics-ec2-airflow-profile","id":"i-099914f678130cc07","instance_initiated_shutdown_behavior":"stop","instance_lifecycle":"","instance_market_options":[],"instance_state":"running","instance_type":"t3.medium","ipv6_address_count":0,"ipv6_addresses":[],"key_name":"medicare-analytics-dev","launch_template":[],"maintenance_options":[{"auto_recovery":"default"}],"metadata_options":[{"http_endpoint":"enabled","http_protocol_ipv6":"disabled","http_put_response_hop_limit":2,"http_tokens":"required","instance_metadata_tags":"disabled"}],"monitoring":false,"network_interface":[],"outpost_arn":"","password_data":"","placement_group":"","placement_group_id":"","placement_partition_number":0,"primary_network_interface":[{"delete_on_termination":true,"network_interface_id":"eni-0e0dd88e82f8843d5"}],"primary_network_interface_id":"eni-0e0dd88e82f8843d5","private_dns":"ip-10-0-1-12.ec2.internal","private_dns_name_options":[{"enable_resource_name_dns_a_record":false,"enable_resource_name_dns_aaaa_record":false,"hostname_type":"ip-name"}],"private_ip":"10.0.1.12","public_dns":"ec2-34-196-193-117.compute-1.amazonaws.com","public_ip":"34.196.193.117","region":"us-east-1","root_block_device":[{"delete_on_termination":true,"device_name":"/dev/xvda","encrypted":true,"iops":3000,"kms_key_id":"arn:aws:kms:us-east-1:652063276854:key/1a39001a-e44e-440a-9509-9fdb894474ce","tags":{},"tags_all":{"Environment":"dev","ManagedBy":"opentofu","Project":"medicare-analytics"},"throughput":125,"volume_id":"vol-0506aeab81c24585b","volume_size":20,"volume_type":"gp3"}],"secondary_network_interface":[],"secondary_private_ips":[],"security_groups":[],"source_dest_check":true,"spot_instance_request_id":"","subnet_id":"subnet-0ecf7c6c4dad3b3f0","tags":{"Name":"medicare-analytics-airflow"},"tags_all":{"Environment":"dev","ManagedBy":"opentofu","Name":"medicare-analytics-airflow","Project":"medicare-analytics"},"tenancy":"default","timeouts":null,"user_data":"#!/bin/bash\nset -e\n\n# Update system\ndnf update -y\n\n# Install Docker\ndnf install -y docker\nsystemctl enable docker\nsystemctl start docker\nusermod -aG docker ec2-user\n\n# Install Docker Compose plugin\nmkdir -p /usr/local/lib/docker/cli-plugins\ncurl -SL https://github.com/docker/compose/releases/latest/download/docker-compose-linux-x86_64 \\\n  -o /usr/local/lib/docker/cli-plugins/docker-compose\nchmod +x /usr/local/lib/docker/cli-plugins/docker-compose\n\n# Install git\ndnf install -y git\n","user_data_base64":null,"user_data_replace_on_change":false,"volume_tags":null,"vpc_security_group_ids":["sg-06494fd85e4edf1d8"]},"sensitive_attributes":[],"private":"eyJlMmJmYjczMC1lY2FhLTExZTYtOGY4OC0zNDM2M2JjN2M0YzAiOnsiY3JlYXRlIjo2MDAwMDAwMDAwMDAsImRlbGV0ZSI6MTIwMDAwMDAwMDAwMCwicmVhZCI6OTAwMDAwMDAwMDAwLCJ1cGRhdGUiOjYwMDAwMDAwMDAwMH0sInNjaGVtYV92ZXJzaW9uIjoiMiJ9","dependencies":["aws_iam_instance_profile.ec2_airflow_profile","aws_iam_role.ec2_airflow_role","aws_security_group.airflow_ec2","aws_subnet.public_a","aws_vpc.main","data.aws_ami.amazon_linux_2023"]}]},{"mode":"managed","type":"aws_internet_gateway","name":"main","provider":"provider[\"registry.opentofu.org/hashicorp/aws\"]","instances":[{"schema_version":0,"attributes":{"arn":"arn:aws:ec2:us-east-1:652063276854:internet-gateway/igw-0380a029936037594","id":"igw-0380a029936037594","owner_id":"652063276854","region":"us-east-1","tags":{"Name":"medicare-analytics-igw"},"tags_all":{"Environment":"dev","ManagedBy":"opentofu","Name":"medicare-analytics-igw","Project":"medicare-analytics"},"timeouts":null,"vpc_id":"vpc-063dd09b801769511"},"sensitive_attributes":[],"private":"eyJlMmJmYjczMC1lY2FhLTExZTYtOGY4OC0zNDM2M2JjN2M0YzAiOnsiY3JlYXRlIjoxMjAwMDAwMDAwMDAwLCJkZWxldGUiOjEyMDAwMDAwMDAwMDAsInVwZGF0ZSI6MTIwMDAwMDAwMDAwMH19","dependencies":["aws_vpc.main"]}]},{"mode":"managed","type":"aws_redshiftserverless_namespace","name":"main","provider":"provider[\"registry.opentofu.org/hashicorp/aws\"]","instances":[{"schema_version":0,"attributes":{"admin_password_secret_arn":"","admin_password_secret_kms_key_id":"","admin_user_password":"qZ6Ey14Uz!g%E$","admin_user_password_wo":null,"admin_user_password_wo_version":null,"admin_username":"medicare_admin","arn":"arn:aws:redshift-serverless:us-east-1:652063276854:namespace/a1c370e5-6ad9-453d-8bf8-099b4aac752f","db_name":"medicare_db","default_iam_role_arn":"","iam_roles":["arn:aws:iam::652063276854:role/medicare-analytics-redshift-s3-role"],"id":"medicare-analytics-namespace","kms_key_id":"AWS_OWNED_KMS_KEY","log_exports":[],"manage_admin_password":null,"namespace_id":"a1c370e5-6ad9-453d-8bf8-099b4aac752f","namespace_name":"medicare-analytics-namespace","region":"us-east-1","tags":{"Name":"medicare-analytics-namespace"},"tags_all":{"Environment":"dev","ManagedBy":"opentofu","Name":"medicare-analytics-namespace","Project":"medicare-analytics"}},"sensitive_attributes":[[{"type":"get_attr","value":"admin_user_password"}],[{"type":"get_attr","value":"admin_username"}]],"private":"bnVsbA==","dependencies":["aws_iam_role.redshift_s3_role"]}]},{"mode":"managed","type":"aws_redshiftserverless_workgroup","name":"main","provider":"provider[\"registry.opentofu.org/hashicorp/aws\"]","instances":[{"schema_version":0,"attributes":{"arn":"arn:aws:redshift-serverless:us-east-1:652063276854:workgroup/22e71e0f-2c3c-4374-87de-e027a9ff501a","base_capacity":32,"config_parameter":[{"parameter_key":"auto_mv","parameter_value":"true"},{"parameter_key":"datestyle","parameter_value":"ISO, MDY"},{"parameter_key":"enable_case_sensitive_identifier","parameter_value":"false"},{"parameter_key":"enable_user_activity_logging","parameter_value":"true"},{"parameter_key":"max_query_execution_time","parameter_value":"14400"},{"parameter_key":"query_group","parameter_value":"default"},{"parameter_key":"require_ssl","parameter_value":"true"},{"parameter_key":"search_path","parameter_value":"$user, public"},{"parameter_key":"use_fips_ssl","parameter_value":"false"}],"endpoint":[{"address":"medicare-analytics-workgroup.652063276854.us-east-1.redshift-serverless.amazonaws.com","port":5439,"vpc_endpoint":[{"network_interface":[{"availability_zone":"us-east-1b","network_interface_id":"eni-06fdf14be359f4e2c","private_ip_address":"10.0.2.230","subnet_id":"subnet-0bc76b6588b52a424"},{"availability_zone":"us-east-1c","network_interface_id":"eni-0b1bc6f6f279870b0","private_ip_address":"10.0.3.39","subnet_id":"subnet-049364a8893154712"},{"availability_zone":"us-east-1a","network_interface_id":"eni-0bd346a95e153f4fa","private_ip_address":"10.0.1.246","subnet_id":"subnet-0ecf7c6c4dad3b3f0"}],"vpc_endpoint_id":"vpce-05cdabe5d4e4fccf3","vpc_id":"vpc-063dd09b801769511"}]}],"enhanced_vpc_routing":false,"id":"medicare-analytics-workgroup","max_capacity":0,"namespace_name":"medicare-analytics-namespace","port":5439,"price_performance_target":[{"enabled":false,"level":0}],"publicly_accessible":true,"region":"us-east-1","security_group_ids":["sg-035f1aa0f3c2697ce"],"subnet_ids":["subnet-049364a8893154712","subnet-0bc76b6588b52a424","subnet-0ecf7c6c4dad3b3f0"],"tags":{"Name":"medicare-analytics-workgroup"},"tags_all":{"Environment":"dev","ManagedBy":"opentofu","Name":"medicare-analytics-workgroup","Project":"medicare-analytics"},"timeouts":null,"track_name":"current","workgroup_id":"22e71e0f-2c3c-4374-87de-e027a9ff501a","workgroup_name":"medicare-analytics-workgroup"},"sensitive_attributes":[],"private":"eyJlMmJmYjczMC1lY2FhLTExZTYtOGY4OC0zNDM2M2JjN2M0YzAiOnsiY3JlYXRlIjoxMjAwMDAwMDAwMDAwLCJkZWxldGUiOjEyMDAwMDAwMDAwMDAsInVwZGF0ZSI6MTIwMDAwMDAwMDAwMH19","dependencies":["aws_iam_role.redshift_s3_role","aws_redshiftserverless_namespace.main","aws_security_group.airflow_ec2","aws_security_group.redshift","aws_subnet.public_a","aws_subnet.public_b","aws_subnet.public_c","aws_vpc.main"]}]},{"mode":"managed","type":"aws_route_table","name":"public","provider":"provider[\"registry.opentofu.org/hashicorp/aws\"]","instances":[{"schema_version":0,"attributes":{"arn":"arn:aws:ec2:us-east-1:652063276854:route-table/rtb-0c4f951dbcf35409b","id":"rtb-0c4f951dbcf35409b","owner_id":"652063276854","propagating_vgws":[],"region":"us-east-1","route":[{"carrier_gateway_id":"","cidr_block":"0.0.0.0/0","core_network_arn":"","destination_prefix_list_id":"","egress_only_gateway_id":"","gateway_id":"igw-0380a029936037594","ipv6_cidr_block":"","local_gateway_id":"","nat_gateway_id":"","network_interface_id":"","transit_gateway_id":"","vpc_endpoint_id":"","vpc_peering_connection_id":""}],"tags":{"Name":"medicare-analytics-public-rt"},"tags_all":{"Environment":"dev","ManagedBy":"opentofu","Name":"medicare-analytics-public-rt","Project":"medicare-analytics"},"timeouts":null,"vpc_id":"vpc-063dd09b801769511"},"sensitive_attributes":[],"private":"eyJlMmJmYjczMC1lY2FhLTExZTYtOGY4OC0zNDM2M2JjN2M0YzAiOnsiY3JlYXRlIjozMDAwMDAwMDAwMDAsImRlbGV0ZSI6MzAwMDAwMDAwMDAwLCJ1cGRhdGUiOjEyMDAwMDAwMDAwMH19","dependencies":["aws_internet_gateway.main","aws_vpc.main"]}]},{"mode":"managed","type":"aws_route_table_association","name":"public_a","provider":"provider[\"registry.opentofu.org/hashicorp/aws\"]","instances":[{"schema_version":0,"attributes":{"gateway_id":"","id":"rtbassoc-0c67336eb2232dbd5","region":"us-east-1","route_table_id":"rtb-0c4f951dbcf35409b","subnet_id":"subnet-0ecf7c6c4dad3b3f0","timeouts":null},"sensitive_attributes":[],"private":"eyJlMmJmYjczMC1lY2FhLTExZTYtOGY4OC0zNDM2M2JjN2M0YzAiOnsiY3JlYXRlIjozMDAwMDAwMDAwMDAsImRlbGV0ZSI6MzAwMDAwMDAwMDAwLCJ1cGRhdGUiOjEyMDAwMDAwMDAwMH19","dependencies":["aws_internet_gateway.main","aws_route_table.public","aws_subnet.public_a","aws_vpc.main"]}]},{"mode":"managed","type":"aws_route_table_association","name":"public_b","provider":"provider[\"registry.opentofu.org/hashicorp/aws\"]","instances":[{"schema_version":0,"attributes":{"gateway_id":"","id":"rtbassoc-03988df1eeb5695c7","region":"us-east-1","route_table_id":"rtb-0c4f951dbcf35409b","subnet_id":"subnet-0bc76b6588b52a424","timeouts":null},"sensitive_attributes":[],"private":"eyJlMmJmYjczMC1lY2FhLTExZTYtOGY4OC0zNDM2M2JjN2M0YzAiOnsiY3JlYXRlIjozMDAwMDAwMDAwMDAsImRlbGV0ZSI6MzAwMDAwMDAwMDAwLCJ1cGRhdGUiOjEyMDAwMDAwMDAwMH19","dependencies":["aws_internet_gateway.main","aws_route_table.public","aws_subnet.public_b","aws_vpc.main"]}]},{"mode":"managed","type":"aws_route_table_association","name":"public_c","provider":"provider[\"registry.opentofu.org/hashicorp/aws\"]","instances":[{"schema_version":0,"attributes":{"gateway_id":"","id":"rtbassoc-0a5abfb1d5188ebd6","region":"us-east-1","route_table_id":"rtb-0c4f951dbcf35409b","subnet_id":"subnet-049364a8893154712","timeouts":null},"sensitive_attributes":[],"private":"eyJlMmJmYjczMC1lY2FhLTExZTYtOGY4OC0zNDM2M2JjN2M0YzAiOnsiY3JlYXRlIjozMDAwMDAwMDAwMDAsImRlbGV0ZSI6MzAwMDAwMDAwMDAwLCJ1cGRhdGUiOjEyMDAwMDAwMDAwMH19","dependencies":["aws_internet_gateway.main","aws_route_table.public","aws_subnet.public_c","aws_vpc.main"]}]},{"mode":"managed","type":"aws_s3_bucket","name":"raw","provider":"provider[\"registry.opentofu.org/hashicorp/aws\"]","instances":[{"schema_version":0,"attributes":{"acceleration_status":"","acl":null,"arn":"arn:aws:s3:::medicare-analytics-raw-rdaniels","bucket":"medicare-analytics-raw-rdaniels","bucket_domain_name":"medicare-analytics-raw-rdaniels.s3.amazonaws.com","bucket_prefix":"","bucket_region":"us-east-1","bucket_regional_domain_name":"medicare-analytics-raw-rdaniels.s3.us-east-1.amazonaws.com","cors_rule":[],"force_destroy":false,"grant":[{"id":"5e517231ee3abfdbb08097329a9eb48886dd8a13724f899bbecf8d5c6852d2b4","permissions":["FULL_CONTROL"],"type":"CanonicalUser","uri":""}],"hosted_zone_id":"Z3AQBSTGFYJSTF","id":"medicare-analytics-raw-rdaniels","lifecycle_rule":[{"abort_incomplete_multipart_upload_days":0,"enabled":true,"expiration":[],"id":"archive-old-versions","noncurrent_version_expiration":[{"days":90}],"noncurrent_version_transition":[{"days":30,"storage_class":"STANDARD_IA"}],"prefix":"","tags":{},"transition":[]}],"logging":[],"object_lock_configuration":[],"object_lock_enabled":false,"policy":"","region":"us-east-1","replication_configuration":[],"request_payer":"BucketOwner","server_side_encryption_configuration":[{"rule":[{"apply_server_side_encryption_by_default":[{"kms_master_key_id":"","sse_algorithm":"AES256"}],"bucket_key_enabled":false}]}],"tags":{"Layer":"raw","Name":"medicare-analytics-raw-rdaniels"},"tags_all":{"Environment":"dev","Layer":"raw","ManagedBy":"opentofu","Name":"medicare-analytics-raw-rdaniels","Project":"medicare-analytics"},"timeouts":null,"versioning":[{"enabled":true,"mfa_delete":false}],"website":[],"website_domain":null,"website_endpoint":null},"sensitive_attributes":[],"private":"eyJlMmJmYjczMC1lY2FhLTExZTYtOGY4OC0zNDM2M2JjN2M0YzAiOnsiY3JlYXRlIjoxMjAwMDAwMDAwMDAwLCJkZWxldGUiOjM2MDAwMDAwMDAwMDAsInJlYWQiOjEyMDAwMDAwMDAwMDAsInVwZGF0ZSI6MTIwMDAwMDAwMDAwMH19"}]},{"mode":"managed","type":"aws_s3_bucket_lifecycle_configuration","name":"raw","provider":"provider[\"registry.opentofu.org/hashicorp/aws\"]","instances":[{"schema_version":1,"attributes":{"bucket":"medicare-analytics-raw-rdaniels","expected_bucket_owner":"","id":"medicare-analytics-raw-rdaniels","region":"us-east-1","rule":[{"abort_incomplete_multipart_upload":[],"expiration":[],"filter":[{"and":[],"object_size_greater_than":null,"object_size_less_than":null,"prefix":"","tag":[]}],"id":"archive-old-versions","noncurrent_version_expiration":[{"newer_noncurrent_versions":null,"noncurrent_days":90}],"noncurrent_version_transition":[{"newer_noncurrent_versions":null,"noncurrent_days":30,"storage_class":"STANDARD_IA"}],"prefix":"","status":"Enabled","transition":[]}],"timeouts":null,"transition_default_minimum_object_size":"all_storage_classes_128K"},"sensitive_attributes":[],"dependencies":["aws_s3_bucket.raw"]}]},{"mode":"managed","type":"aws_s3_bucket_public_access_block","name":"raw","provider":"provider[\"registry.opentofu.org/hashicorp/aws\"]","instances":[{"schema_version":0,"attributes":{"block_public_acls":true,"block_public_policy":true,"bucket":"medicare-analytics-raw-rdaniels","id":"medicare-analytics-raw-rdaniels","ignore_public_acls":true,"region":"us-east-1","restrict_public_buckets":true,"skip_destroy":null},"sensitive_attributes":[],"private":"bnVsbA==","dependencies":["aws_s3_bucket.raw"]}]},{"mode":"managed","type":"aws_s3_bucket_server_side_encryption_configuration","name":"raw","provider":"provider[\"registry.opentofu.org/hashicorp/aws\"]","instances":[{"schema_version":0,"attributes":{"bucket":"medicare-analytics-raw-rdaniels","expected_bucket_owner":"","id":"medicare-analytics-raw-rdaniels","region":"us-east-1","rule":[{"apply_server_side_encryption_by_default":[{"kms_master_key_id":"","sse_algorithm":"AES256"}],"blocked_encryption_types":[],"bucket_key_enabled":false}]},"sensitive_attributes":[],"private":"bnVsbA==","dependencies":["aws_s3_bucket.raw"]}]},{"mode":"managed","type":"aws_s3_bucket_versioning","name":"raw","provider":"provider[\"registry.opentofu.org/hashicorp/aws\"]","instances":[{"schema_version":0,"attributes":{"bucket":"medicare-analytics-raw-rdaniels","expected_bucket_owner":"","id":"medicare-analytics-raw-rdaniels","mfa":null,"region":"us-east-1","versioning_configuration":[{"mfa_delete":"","status":"Enabled"}]},"sensitive_attributes":[],"private":"bnVsbA==","dependencies":["aws_s3_bucket.raw"]}]},{"mode":"managed","type":"aws_security_group","name":"airflow_ec2","provider":"provider[\"registry.opentofu.org/hashicorp/aws\"]","instances":[{"schema_version":1,"attributes":{"arn":"arn:aws:ec2:us-east-1:652063276854:security-group/sg-06494fd85e4edf1d8","description":"Security group for Airflow EC2 instance","egress":[{"cidr_blocks":["0.0.0.0/0"],"description":"","from_port":0,"ipv6_cidr_blocks":[],"prefix_list_ids":[],"protocol":"-1","security_groups":[],"self":false,"to_port":0}],"id":"sg-06494fd85e4edf1d8","ingress":[{"cidr_blocks":["174.67.51.181/32"],"description":"","from_port":22,"ipv6_cidr_blocks":[],"prefix_list_ids":[],"protocol":"tcp","security_groups":[],"self":false,"to_port":22},{"cidr_blocks":["174.67.51.181/32"],"description":"","from_port":8080,"ipv6_cidr_blocks":[],"prefix_list_ids":[],"protocol":"tcp","security_groups":[],"self":false,"to_port":8080}],"name":"medicare-analytics-airflow-sg","name_prefix":"","owner_id":"652063276854","region":"us-east-1","revoke_rules_on_delete":false,"tags":{"Name":"medicare-analytics-airflow-sg"},"tags_all":{"Environment":"dev","ManagedBy":"opentofu","Name":"medicare-analytics-airflow-sg","Project":"medicare-analytics"},"timeouts":null,"vpc_id":"vpc-063dd09b801769511"},"sensitive_attributes":[],"private":"eyJlMmJmYjczMC1lY2FhLTExZTYtOGY4OC0zNDM2M2JjN2M0YzAiOnsiY3JlYXRlIjo2MDAwMDAwMDAwMDAsImRlbGV0ZSI6OTAwMDAwMDAwMDAwfSwic2NoZW1hX3ZlcnNpb24iOiIxIn0=","dependencies":["aws_vpc.main"]}]},{"mode":"managed","type":"aws_security_group","name":"redshift","provider":"provider[\"registry.opentofu.org/hashicorp/aws\"]","instances":[{"schema_version":1,"attributes":{"arn":"arn:aws:ec2:us-east-1:652063276854:security-group/sg-035f1aa0f3c2697ce","description":"Security group for Redshift Serverless","egress":[{"cidr_blocks":["0.0.0.0/0"],"description":"","from_port":0,"ipv6_cidr_blocks":[],"prefix_list_ids":[],"protocol":"-1","security_groups":[],"self":false,"to_port":0}],"id":"sg-035f1aa0f3c2697ce","ingress":[{"cidr_blocks":["174.67.51.181/32"],"description":"","from_port":5439,"ipv6_cidr_blocks":[],"prefix_list_ids":[],"protocol":"tcp","security_groups":[],"self":false,"to_port":5439},{"cidr_blocks":[],"description":"","from_port":5439,"ipv6_cidr_blocks":[],"prefix_list_ids":[],"protocol":"tcp","security_groups":["sg-06494fd85e4edf1d8"],"self":false,"to_port":5439}],"name":"medicare-analytics-redshift-sg","name_prefix":"","owner_id":"652063276854","region":"us-east-1","revoke_rules_on_delete":false,"tags":{"Name":"medicare-analytics-redshift-sg"},"tags_all":{"Environment":"dev","ManagedBy":"opentofu","Name":"medicare-analytics-redshift-sg","Project":"medicare-analytics"},"timeouts":null,"vpc_id":"vpc-063dd09b801769511"},"sensitive_attributes":[],"private":"eyJlMmJmYjczMC1lY2FhLTExZTYtOGY4OC0zNDM2M2JjN2M0YzAiOnsiY3JlYXRlIjo2MDAwMDAwMDAwMDAsImRlbGV0ZSI6OTAwMDAwMDAwMDAwfSwic2NoZW1hX3ZlcnNpb24iOiIxIn0=","dependencies":["aws_security_group.airflow_ec2","aws_vpc.main"]}]},{"mode":"managed","type":"aws_subnet","name":"public_a","provider":"provider[\"registry.opentofu.org/hashicorp/aws\"]","instances":[{"schema_version":1,"attributes":{"arn":"arn:aws:ec2:us-east-1:652063276854:subnet/subnet-0ecf7c6c4dad3b3f0","assign_ipv6_address_on_creation":false,"availability_zone":"us-east-1a","availability_zone_id":"use1-az1","cidr_block":"10.0.1.0/24","customer_owned_ipv4_pool":"","enable_dns64":false,"enable_lni_at_device_index":0,"enable_resource_name_dns_a_record_on_launch":false,"enable_resource_name_dns_aaaa_record_on_launch":false,"id":"subnet-0ecf7c6c4dad3b3f0","ipv4_ipam_pool_id":null,"ipv4_netmask_length":null,"ipv6_cidr_block":"","ipv6_cidr_block_association_id":"","ipv6_ipam_pool_id":null,"ipv6_native":false,"ipv6_netmask_length":null,"map_customer_owned_ip_on_launch":false,"map_public_ip_on_launch":true,"outpost_arn":"","owner_id":"652063276854","private_dns_hostname_type_on_launch":"ip-name","region":"us-east-1","tags":{"Name":"medicare-analytics-public-a"},"tags_all":{"Environment":"dev","ManagedBy":"opentofu","Name":"medicare-analytics-public-a","Project":"medicare-analytics"},"timeouts":null,"vpc_id":"vpc-063dd09b801769511"},"sensitive_attributes":[],"private":"eyJlMmJmYjczMC1lY2FhLTExZTYtOGY4OC0zNDM2M2JjN2M0YzAiOnsiY3JlYXRlIjo2MDAwMDAwMDAwMDAsImRlbGV0ZSI6MTIwMDAwMDAwMDAwMH0sInNjaGVtYV92ZXJzaW9uIjoiMSJ9","dependencies":["aws_vpc.main"]}]},{"mode":"managed","type":"aws_subnet","name":"public_b","provider":"provider[\"registry.opentofu.org/hashicorp/aws\"]","instances":[{"schema_version":1,"attributes":{"arn":"arn:aws:ec2:us-east-1:652063276854:subnet/subnet-0bc76b6588b52a424","assign_ipv6_address_on_creation":false,"availability_zone":"us-east-1b","availability_zone_id":"use1-az2","cidr_block":"10.0.2.0/24","customer_owned_ipv4_pool":"","enable_dns64":false,"enable_lni_at_device_index":0,"enable_resource_name_dns_a_record_on_launch":false,"enable_resource_name_dns_aaaa_record_on_launch":false,"id":"subnet-0bc76b6588b52a424","ipv4_ipam_pool_id":null,"ipv4_netmask_length":null,"ipv6_cidr_block":"","ipv6_cidr_block_association_id":"","ipv6_ipam_pool_id":null,"ipv6_native":false,"ipv6_netmask_length":null,"map_customer_owned_ip_on_launch":false,"map_public_ip_on_launch":true,"outpost_arn":"","owner_id":"652063276854","private_dns_hostname_type_on_launch":"ip-name","region":"us-east-1","tags":{"Name":"medicare-analytics-public-b"},"tags_all":{"Environment":"dev","ManagedBy":"opentofu","Name":"medicare-analytics-public-b","Project":"medicare-analytics"},"timeouts":null,"vpc_id":"vpc-063dd09b801769511"},"sensitive_attributes":[],"private":"eyJlMmJmYjczMC1lY2FhLTExZTYtOGY4OC0zNDM2M2JjN2M0YzAiOnsiY3JlYXRlIjo2MDAwMDAwMDAwMDAsImRlbGV0ZSI6MTIwMDAwMDAwMDAwMH0sInNjaGVtYV92ZXJzaW9uIjoiMSJ9","dependencies":["aws_vpc.main"]}]},{"mode":"managed","type":"aws_subnet","name":"public_c","provider":"provider[\"registry.opentofu.org/hashicorp/aws\"]","instances":[{"schema_version":1,"attributes":{"arn":"arn:aws:ec2:us-east-1:652063276854:subnet/subnet-049364a8893154712","assign_ipv6_address_on_creation":false,"availability_zone":"us-east-1c","availability_zone_id":"use1-az4","cidr_block":"10.0.3.0/24","customer_owned_ipv4_pool":"","enable_dns64":false,"enable_lni_at_device_index":0,"enable_resource_name_dns_a_record_on_launch":false,"enable_resource_name_dns_aaaa_record_on_launch":false,"id":"subnet-049364a8893154712","ipv4_ipam_pool_id":null,"ipv4_netmask_length":null,"ipv6_cidr_block":"","ipv6_cidr_block_association_id":"","ipv6_ipam_pool_id":null,"ipv6_native":false,"ipv6_netmask_length":null,"map_customer_owned_ip_on_launch":false,"map_public_ip_on_launch":true,"outpost_arn":"","owner_id":"652063276854","private_dns_hostname_type_on_launch":"ip-name","region":"us-east-1","tags":{"Name":"medicare-analytics-public-c"},"tags_all":{"Environment":"dev","ManagedBy":"opentofu","Name":"medicare-analytics-public-c","Project":"medicare-analytics"},"timeouts":null,"vpc_id":"vpc-063dd09b801769511"},"sensitive_attributes":[],"private":"eyJlMmJmYjczMC1lY2FhLTExZTYtOGY4OC0zNDM2M2JjN2M0YzAiOnsiY3JlYXRlIjo2MDAwMDAwMDAwMDAsImRlbGV0ZSI6MTIwMDAwMDAwMDAwMH0sInNjaGVtYV92ZXJzaW9uIjoiMSJ9","dependencies":["aws_vpc.main"]}]},{"mode":"managed","type":"aws_vpc","name":"main","provider":"provider[\"registry.opentofu.org/hashicorp/aws\"]","instances":[{"schema_version":1,"attributes":{"arn":"arn:aws:ec2:us-east-1:652063276854:vpc/vpc-063dd09b801769511","assign_generated_ipv6_cidr_block":false,"cidr_block":"10.0.0.0/16","default_network_acl_id":"acl-085dde419e4c2b1df","default_route_table_id":"rtb-0de2dd9ade11ef21c","default_security_group_id":"sg-01a1c20079449b9df","dhcp_options_id":"dopt-0a9926bb070237ee7","enable_dns_hostnames":true,"enable_dns_support":true,"enable_network_address_usage_metrics":false,"id":"vpc-063dd09b801769511","instance_tenancy":"default","ipv4_ipam_pool_id":null,"ipv4_netmask_length":null,"ipv6_association_id":"","ipv6_cidr_block":"","ipv6_cidr_block_network_border_group":"","ipv6_ipam_pool_id":"","ipv6_netmask_length":0,"main_route_table_id":"rtb-0de2dd9ade11ef21c","owner_id":"652063276854","region":"us-east-1","tags":{"Name":"medicare-analytics-vpc"},"tags_all":{"Environment":"dev","ManagedBy":"opentofu","Name":"medicare-analytics-vpc","Project":"medicare-analytics"}},"sensitive_attributes":[],"private":"eyJzY2hlbWFfdmVyc2lvbiI6IjEifQ=="}]}],"check_results":null}
